<Solution>
  <Configurations>
    <Platform Name="Any CPU" />
    <Platform Name="x64" />
    <Platform Name="x86" />
  </Configurations>
  <Folder Name="/src/">
    <Project Path="src/QmlSharp.Core/QmlSharp.Core.csproj" />
    <Project Path="src/QmlSharp.Registry/QmlSharp.Registry.csproj" />
  </Folder>
  <Folder Name="/tests/">
    <Project Path="tests/QmlSharp.Registry.Tests/QmlSharp.Registry.Tests.csproj" />
  </Folder>
</Solution>
